// !$*UTF8*$!
{
	archiveVersion = 1;
	classes = {
	};
	objectVersion = 50;
	objects = {

/* Begin PBXBuildFile section */
		642CAEE924BAF04500194830 /* Covid19TrackerWidget.intentdefinition in Sources */ = {isa = PBXBuildFile; fileRef = 642CAEE824BAF04500194830 /* Covid19TrackerWidget.intentdefinition */; };
		642CAEEA24BAF04500194830 /* Covid19TrackerWidget.intentdefinition in Sources */ = {isa = PBXBuildFile; fileRef = 642CAEE824BAF04500194830 /* Covid19TrackerWidget.intentdefinition */; };
		642D347824B7F38B009348C6 /* Covid19TrackerApp.swift in Sources */ = {isa = PBXBuildFile; fileRef = 642D346524B7F38A009348C6 /* Covid19TrackerApp.swift */; };
		642D347924B7F38B009348C6 /* Covid19TrackerApp.swift in Sources */ = {isa = PBXBuildFile; fileRef = 642D346524B7F38A009348C6 /* Covid19TrackerApp.swift */; };
		642D347A24B7F38B009348C6 /* ContentView.swift in Sources */ = {isa = PBXBuildFile; fileRef = 642D346624B7F38A009348C6 /* ContentView.swift */; };
		642D347B24B7F38B009348C6 /* ContentView.swift in Sources */ = {isa = PBXBuildFile; fileRef = 642D346624B7F38A009348C6 /* ContentView.swift */; };
		642D347C24B7F38B009348C6 /* Assets.xcassets in Resources */ = {isa = PBXBuildFile; fileRef = 642D346724B7F38B009348C6 /* Assets.xcassets */; };
		642D347D24B7F38B009348C6 /* Assets.xcassets in Resources */ = {isa = PBXBuildFile; fileRef = 642D346724B7F38B009348C6 /* Assets.xcassets */; };
		642D348D24B7F3EE009348C6 /* WidgetKit.framework in Frameworks */ = {isa = PBXBuildFile; fileRef = 642D348C24B7F3EE009348C6 /* WidgetKit.framework */; };
		642D348F24B7F3EE009348C6 /* SwiftUI.framework in Frameworks */ = {isa = PBXBuildFile; fileRef = 642D348E24B7F3EE009348C6 /* SwiftUI.framework */; };
		642D349224B7F3EE009348C6 /* Covid19TrackerWidget.swift in Sources */ = {isa = PBXBuildFile; fileRef = 642D349124B7F3EE009348C6 /* Covid19TrackerWidget.swift */; };
		642D349524B7F3EF009348C6 /* Assets.xcassets in Resources */ = {isa = PBXBuildFile; fileRef = 642D349424B7F3EF009348C6 /* Assets.xcassets */; };
		642D349B24B7F3EF009348C6 /* Covid19TrackerWidgetExtension.appex in Embed App Extensions */ = {isa = PBXBuildFile; fileRef = 642D348A24B7F3EE009348C6 /* Covid19TrackerWidgetExtension.appex */; settings = {ATTRIBUTES = (RemoveHeadersOnCopy, ); }; };
		642D34A324B7F41E009348C6 /* Covid19CountryStatus.swift in Sources */ = {isa = PBXBuildFile; fileRef = 642D34A224B7F41E009348C6 /* Covid19CountryStatus.swift */; };
		642D34A424B7F522009348C6 /* Covid19CountryStatus.swift in Sources */ = {isa = PBXBuildFile; fileRef = 642D34A224B7F41E009348C6 /* Covid19CountryStatus.swift */; };
		642D34A624B8115D009348C6 /* Covid19WidgetView.swift in Sources */ = {isa = PBXBuildFile; fileRef = 642D34A524B8115D009348C6 /* Covid19WidgetView.swift */; };
		642D34A724B81164009348C6 /* Covid19WidgetView.swift in Sources */ = {isa = PBXBuildFile; fileRef = 642D34A524B8115D009348C6 /* Covid19WidgetView.swift */; };
		642D34A924B811BD009348C6 /* String+Extension.swift in Sources */ = {isa = PBXBuildFile; fileRef = 642D34A824B811BD009348C6 /* String+Extension.swift */; };
		642D34AA24B811BD009348C6 /* String+Extension.swift in Sources */ = {isa = PBXBuildFile; fileRef = 642D34A824B811BD009348C6 /* String+Extension.swift */; };
		642D34B024B81410009348C6 /* Covid19DataLoader.swift in Sources */ = {isa = PBXBuildFile; fileRef = 642D34AF24B81410009348C6 /* Covid19DataLoader.swift */; };
		642D34B124B81410009348C6 /* Covid19DataLoader.swift in Sources */ = {isa = PBXBuildFile; fileRef = 642D34AF24B81410009348C6 /* Covid19DataLoader.swift */; };
/* End PBXBuildFile section */

/* Begin PBXContainerItemProxy section */
		642D349924B7F3EF009348C6 /* PBXContainerItemProxy */ = {
			isa = PBXContainerItemProxy;
			containerPortal = 642D346024B7F389009348C6 /* Project object */;
			proxyType = 1;
			remoteGlobalIDString = 642D348924B7F3EE009348C6;
			remoteInfo = Covid19TrackerWidgetExtension;
		};
/* End PBXContainerItemProxy section */

/* Begin PBXCopyFilesBuildPhase section */
		642D349F24B7F3EF009348C6 /* Embed App Extensions */ = {
			isa = PBXCopyFilesBuildPhase;
			buildActionMask = 2147483647;
			dstPath = "";
			dstSubfolderSpec = 13;
			files = (
				642D349B24B7F3EF009348C6 /* Covid19TrackerWidgetExtension.appex in Embed App Extensions */,
			);
			name = "Embed App Extensions";
			runOnlyForDeploymentPostprocessing = 0;
		};
/* End PBXCopyFilesBuildPhase section */

/* Begin PBXFileReference section */
		642CAEA024BAED8500194830 /* Covid19Tracker.entitlements */ = {isa = PBXFileReference; lastKnownFileType = text.plist.entitlements; path = Covid19Tracker.entitlements; sourceTree = "<group>"; };
		642CAEE824BAF04500194830 /* Covid19TrackerWidget.intentdefinition */ = {isa = PBXFileReference; fileEncoding = 4; lastKnownFileType = file.intentdefinition; path = Covid19TrackerWidget.intentdefinition; sourceTree = "<group>"; };
		642D346524B7F38A009348C6 /* Covid19TrackerApp.swift */ = {isa = PBXFileReference; lastKnownFileType = sourcecode.swift; path = Covid19TrackerApp.swift; sourceTree = "<group>"; };
		642D346624B7F38A009348C6 /* ContentView.swift */ = {isa = PBXFileReference; lastKnownFileType = sourcecode.swift; path = ContentView.swift; sourceTree = "<group>"; };
		642D346724B7F38B009348C6 /* Assets.xcassets */ = {isa = PBXFileReference; lastKnownFileType = folder.assetcatalog; path = Assets.xcassets; sourceTree = "<group>"; };
		642D346C24B7F38B009348C6 /* Covid19Tracker.app */ = {isa = PBXFileReference; explicitFileType = wrapper.application; includeInIndex = 0; path = Covid19Tracker.app; sourceTree = BUILT_PRODUCTS_DIR; };
		642D346F24B7F38B009348C6 /* Info.plist */ = {isa = PBXFileReference; lastKnownFileType = text.plist.xml; path = Info.plist; sourceTree = "<group>"; };
		642D347424B7F38B009348C6 /* Covid19Tracker.app */ = {isa = PBXFileReference; explicitFileType = wrapper.application; includeInIndex = 0; path = Covid19Tracker.app; sourceTree = BUILT_PRODUCTS_DIR; };
		642D347624B7F38B009348C6 /* Info.plist */ = {isa = PBXFileReference; lastKnownFileType = text.plist.xml; path = Info.plist; sourceTree = "<group>"; };
		642D347724B7F38B009348C6 /* macOS.entitlements */ = {isa = PBXFileReference; lastKnownFileType = text.plist.entitlements; path = macOS.entitlements; sourceTree = "<group>"; };
		642D348A24B7F3EE009348C6 /* Covid19TrackerWidgetExtension.appex */ = {isa = PBXFileReference; explicitFileType = "wrapper.app-extension"; includeInIndex = 0; path = Covid19TrackerWidgetExtension.appex; sourceTree = BUILT_PRODUCTS_DIR; };
		642D348C24B7F3EE009348C6 /* WidgetKit.framework */ = {isa = PBXFileReference; lastKnownFileType = wrapper.framework; name = WidgetKit.framework; path = System/Library/Frameworks/WidgetKit.framework; sourceTree = SDKROOT; };
		642D348E24B7F3EE009348C6 /* SwiftUI.framework */ = {isa = PBXFileReference; lastKnownFileType = wrapper.framework; name = SwiftUI.framework; path = System/Library/Frameworks/SwiftUI.framework; sourceTree = SDKROOT; };
		642D349124B7F3EE009348C6 /* Covid19TrackerWidget.swift */ = {isa = PBXFileReference; lastKnownFileType = sourcecode.swift; path = Covid19TrackerWidget.swift; sourceTree = "<group>"; };
		642D349424B7F3EF009348C6 /* Assets.xcassets */ = {isa = PBXFileReference; lastKnownFileType = folder.assetcatalog; path = Assets.xcassets; sourceTree = "<group>"; };
		642D349624B7F3EF009348C6 /* Info.plist */ = {isa = PBXFileReference; lastKnownFileType = text.plist.xml; path = Info.plist; sourceTree = "<group>"; };
		642D34A224B7F41E009348C6 /* Covid19CountryStatus.swift */ = {isa = PBXFileReference; lastKnownFileType = sourcecode.swift; path = Covid19CountryStatus.swift; sourceTree = "<group>"; };
		642D34A524B8115D009348C6 /* Covid19WidgetView.swift */ = {isa = PBXFileReference; lastKnownFileType = sourcecode.swift; path = Covid19WidgetView.swift; sourceTree = "<group>"; };
		642D34A824B811BD009348C6 /* String+Extension.swift */ = {isa = PBXFileReference; lastKnownFileType = sourcecode.swift; path = "String+Extension.swift"; sourceTree = "<group>"; };
		642D34AF24B81410009348C6 /* Covid19DataLoader.swift */ = {isa = PBXFileReference; lastKnownFileType = sourcecode.swift; path = Covid19DataLoader.swift; sourceTree = "<group>"; };
/* End PBXFileReference section */

/* Begin PBXFrameworksBuildPhase section */
		642D346924B7F38B009348C6 /* Frameworks */ = {
			isa = PBXFrameworksBuildPhase;
			buildActionMask = 2147483647;
			files = (
			);
			runOnlyForDeploymentPostprocessing = 0;
		};
		642D347124B7F38B009348C6 /* Frameworks */ = {
			isa = PBXFrameworksBuildPhase;
			buildActionMask = 2147483647;
			files = (
			);
			runOnlyForDeploymentPostprocessing = 0;
		};
		642D348724B7F3EE009348C6 /* Frameworks */ = {
			isa = PBXFrameworksBuildPhase;
			buildActionMask = 2147483647;
			files = (
				642D348F24B7F3EE009348C6 /* SwiftUI.framework in Frameworks */,
				642D348D24B7F3EE009348C6 /* WidgetKit.framework in Frameworks */,
			);
			runOnlyForDeploymentPostprocessing = 0;
		};
/* End PBXFrameworksBuildPhase section */

/* Begin PBXGroup section */
		642D345F24B7F389009348C6 = {
			isa = PBXGroup;
			children = (
				642CAEA024BAED8500194830 /* Covid19Tracker.entitlements */,
				642D346424B7F38A009348C6 /* Shared */,
				642D346E24B7F38B009348C6 /* iOS */,
				642D347524B7F38B009348C6 /* macOS */,
				642D349024B7F3EE009348C6 /* Covid19TrackerWidget */,
				642D348B24B7F3EE009348C6 /* Frameworks */,
				642D346D24B7F38B009348C6 /* Products */,
			);
			sourceTree = "<group>";
		};
		642D346424B7F38A009348C6 /* Shared */ = {
			isa = PBXGroup;
			children = (
				642D346524B7F38A009348C6 /* Covid19TrackerApp.swift */,
				642D346624B7F38A009348C6 /* ContentView.swift */,
				642D346724B7F38B009348C6 /* Assets.xcassets */,
			);
			path = Shared;
			sourceTree = "<group>";
		};
		642D346D24B7F38B009348C6 /* Products */ = {
			isa = PBXGroup;
			children = (
				642D346C24B7F38B009348C6 /* Covid19Tracker.app */,
				642D347424B7F38B009348C6 /* Covid19Tracker.app */,
				642D348A24B7F3EE009348C6 /* Covid19TrackerWidgetExtension.appex */,
			);
			name = Products;
			sourceTree = "<group>";
		};
		642D346E24B7F38B009348C6 /* iOS */ = {
			isa = PBXGroup;
			children = (
				642D346F24B7F38B009348C6 /* Info.plist */,
			);
			path = iOS;
			sourceTree = "<group>";
		};
		642D347524B7F38B009348C6 /* macOS */ = {
			isa = PBXGroup;
			children = (
				642D347624B7F38B009348C6 /* Info.plist */,
				642D347724B7F38B009348C6 /* macOS.entitlements */,
			);
			path = macOS;
			sourceTree = "<group>";
		};
		642D348B24B7F3EE009348C6 /* Frameworks */ = {
			isa = PBXGroup;
			children = (
				642D348C24B7F3EE009348C6 /* WidgetKit.framework */,
				642D348E24B7F3EE009348C6 /* SwiftUI.framework */,
			);
			name = Frameworks;
			sourceTree = "<group>";
		};
		642D349024B7F3EE009348C6 /* Covid19TrackerWidget */ = {
			isa = PBXGroup;
			children = (
				642D34AE24B813FC009348C6 /* Network */,
				642D34AD24B813F1009348C6 /* Extensions */,
				642D34AC24B813E5009348C6 /* Entities */,
				642D34AB24B813DD009348C6 /* Views */,
				642D349124B7F3EE009348C6 /* Covid19TrackerWidget.swift */,
				642CAEE824BAF04500194830 /* Covid19TrackerWidget.intentdefinition */,
				642D349424B7F3EF009348C6 /* Assets.xcassets */,
				642D349624B7F3EF009348C6 /* Info.plist */,
			);
			path = Covid19TrackerWidget;
			sourceTree = "<group>";
		};
		642D34AB24B813DD009348C6 /* Views */ = {
			isa = PBXGroup;
			children = (
				642D34A524B8115D009348C6 /* Covid19WidgetView.swift */,
			);
			path = Views;
			sourceTree = "<group>";
		};
		642D34AC24B813E5009348C6 /* Entities */ = {
			isa = PBXGroup;
			children = (
				642D34A224B7F41E009348C6 /* Covid19CountryStatus.swift */,
			);
			path = Entities;
			sourceTree = "<group>";
		};
		642D34AD24B813F1009348C6 /* Extensions */ = {
			isa = PBXGroup;
			children = (
				642D34A824B811BD009348C6 /* String+Extension.swift */,
			);
			path = Extensions;
			sourceTree = "<group>";
		};
		642D34AE24B813FC009348C6 /* Network */ = {
			isa = PBXGroup;
			children = (
				642D34AF24B81410009348C6 /* Covid19DataLoader.swift */,
			);
			path = Network;
			sourceTree = "<group>";
		};
/* End PBXGroup section */

/* Begin PBXNativeTarget section */
		642D346B24B7F38B009348C6 /* Covid19Tracker (iOS) */ = {
			isa = PBXNativeTarget;
			buildConfigurationList = 642D348024B7F38C009348C6 /* Build configuration list for PBXNativeTarget "Covid19Tracker (iOS)" */;
			buildPhases = (
				642D346824B7F38B009348C6 /* Sources */,
				642D346924B7F38B009348C6 /* Frameworks */,
				642D346A24B7F38B009348C6 /* Resources */,
				642D349F24B7F3EF009348C6 /* Embed App Extensions */,
			);
			buildRules = (
			);
			dependencies = (
				642D349A24B7F3EF009348C6 /* PBXTargetDependency */,
			);
			name = "Covid19Tracker (iOS)";
			productName = "Covid19Tracker (iOS)";
			productReference = 642D346C24B7F38B009348C6 /* Covid19Tracker.app */;
			productType = "com.apple.product-type.application";
		};
		642D347324B7F38B009348C6 /* Covid19Tracker (macOS) */ = {
			isa = PBXNativeTarget;
			buildConfigurationList = 642D348324B7F38C009348C6 /* Build configuration list for PBXNativeTarget "Covid19Tracker (macOS)" */;
			buildPhases = (
				642D347024B7F38B009348C6 /* Sources */,
				642D347124B7F38B009348C6 /* Frameworks */,
				642D347224B7F38B009348C6 /* Resources */,
			);
			buildRules = (
			);
			dependencies = (
			);
			name = "Covid19Tracker (macOS)";
			productName = "Covid19Tracker (macOS)";
			productReference = 642D347424B7F38B009348C6 /* Covid19Tracker.app */;
			productType = "com.apple.product-type.application";
		};
		642D348924B7F3EE009348C6 /* Covid19TrackerWidgetExtension */ = {
			isa = PBXNativeTarget;
			buildConfigurationList = 642D349C24B7F3EF009348C6 /* Build configuration list for PBXNativeTarget "Covid19TrackerWidgetExtension" */;
			buildPhases = (
				642D348624B7F3EE009348C6 /* Sources */,
				642D348724B7F3EE009348C6 /* Frameworks */,
				642D348824B7F3EE009348C6 /* Resources */,
			);
			buildRules = (
			);
			dependencies = (
			);
			name = Covid19TrackerWidgetExtension;
			productName = Covid19TrackerWidgetExtension;
			productReference = 642D348A24B7F3EE009348C6 /* Covid19TrackerWidgetExtension.appex */;
			productType = "com.apple.product-type.app-extension";
		};
/* End PBXNativeTarget section */

/* Begin PBXProject section */
		642D346024B7F389009348C6 /* Project object */ = {
			isa = PBXProject;
			attributes = {
				LastSwiftUpdateCheck = 1200;
				LastUpgradeCheck = 1200;
				TargetAttributes = {
					642D346B24B7F38B009348C6 = {
						CreatedOnToolsVersion = 12.0;
					};
					642D347324B7F38B009348C6 = {
						CreatedOnToolsVersion = 12.0;
					};
					642D348924B7F3EE009348C6 = {
						CreatedOnToolsVersion = 12.0;
					};
				};
			};
			buildConfigurationList = 642D346324B7F389009348C6 /* Build configuration list for PBXProject "Covid19Tracker" */;
			compatibilityVersion = "Xcode 9.3";
			developmentRegion = en;
			hasScannedForEncodings = 0;
			knownRegions = (
				en,
				Base,
			);
			mainGroup = 642D345F24B7F389009348C6;
			productRefGroup = 642D346D24B7F38B009348C6 /* Products */;
			projectDirPath = "";
			projectRoot = "";
			targets = (
				642D346B24B7F38B009348C6 /* Covid19Tracker (iOS) */,
				642D347324B7F38B009348C6 /* Covid19Tracker (macOS) */,
				642D348924B7F3EE009348C6 /* Covid19TrackerWidgetExtension */,
			);
		};
/* End PBXProject section */

/* Begin PBXResourcesBuildPhase section */
		642D346A24B7F38B009348C6 /* Resources */ = {
			isa = PBXResourcesBuildPhase;
			buildActionMask = 2147483647;
			files = (
				642D347C24B7F38B009348C6 /* Assets.xcassets in Resources */,
			);
			runOnlyForDeploymentPostprocessing = 0;
		};
		642D347224B7F38B009348C6 /* Resources */ = {
			isa = PBXResourcesBuildPhase;
			buildActionMask = 2147483647;
			files = (
				642D347D24B7F38B009348C6 /* Assets.xcassets in Resources */,
			);
			runOnlyForDeploymentPostprocessing = 0;
		};
		642D348824B7F3EE009348C6 /* Resources */ = {
			isa = PBXResourcesBuildPhase;
			buildActionMask = 2147483647;
			files = (
				642D349524B7F3EF009348C6 /* Assets.xcassets in Resources */,
			);
			runOnlyForDeploymentPostprocessing = 0;
		};
/* End PBXResourcesBuildPhase section */

/* Begin PBXSourcesBuildPhase section */
		642D346824B7F38B009348C6 /* Sources */ = {
			isa = PBXSourcesBuildPhase;
			buildActionMask = 2147483647;
			files = (
				642CAEE924BAF04500194830 /* Covid19TrackerWidget.intentdefinition in Sources */,
				642D34A624B8115D009348C6 /* Covid19WidgetView.swift in Sources */,
				642D34A324B7F41E009348C6 /* Covid19CountryStatus.swift in Sources */,
				642D34B024B81410009348C6 /* Covid19DataLoader.swift in Sources */,
				642D347A24B7F38B009348C6 /* ContentView.swift in Sources */,
				642D34A924B811BD009348C6 /* String+Extension.swift in Sources */,
				642D347824B7F38B009348C6 /* Covid19TrackerApp.swift in Sources */,
			);
			runOnlyForDeploymentPostprocessing = 0;
		};
		642D347024B7F38B009348C6 /* Sources */ = {
			isa = PBXSourcesBuildPhase;
			buildActionMask = 2147483647;
			files = (
				642D347B24B7F38B009348C6 /* ContentView.swift in Sources */,
				642D347924B7F38B009348C6 /* Covid19TrackerApp.swift in Sources */,
			);
			runOnlyForDeploymentPostprocessing = 0;
		};
		642D348624B7F3EE009348C6 /* Sources */ = {
			isa = PBXSourcesBuildPhase;
			buildActionMask = 2147483647;
			files = (
				642D34AA24B811BD009348C6 /* String+Extension.swift in Sources */,
				642D34A724B81164009348C6 /* Covid19WidgetView.swift in Sources */,
				642D34B124B81410009348C6 /* Covid19DataLoader.swift in Sources */,
				642CAEEA24BAF04500194830 /* Covid19TrackerWidget.intentdefinition in Sources */,
				642D349224B7F3EE009348C6 /* Covid19TrackerWidget.swift in Sources */,
				642D34A424B7F522009348C6 /* Covid19CountryStatus.swift in Sources */,
			);
			runOnlyForDeploymentPostprocessing = 0;
		};
/* End PBXSourcesBuildPhase section */

/* Begin PBXTargetDependency section */
		642D349A24B7F3EF009348C6 /* PBXTargetDependency */ = {
			isa = PBXTargetDependency;
			target = 642D348924B7F3EE009348C6 /* Covid19TrackerWidgetExtension */;
			targetProxy = 642D349924B7F3EF009348C6 /* PBXContainerItemProxy */;
		};
/* End PBXTargetDependency section */

/* Begin XCBuildConfiguration section */
		642D347E24B7F38B009348C6 /* Debug */ = {
			isa = XCBuildConfiguration;
			buildSettings = {
				ALWAYS_SEARCH_USER_PATHS = NO;
				CLANG_ANALYZER_NONNULL = YES;
				CLANG_ANALYZER_NUMBER_OBJECT_CONVERSION = YES_AGGRESSIVE;
				CLANG_CXX_LANGUAGE_STANDARD = "gnu++14";
				CLANG_CXX_LIBRARY = "libc++";
				CLANG_ENABLE_MODULES = YES;
				CLANG_ENABLE_OBJC_ARC = YES;
				CLANG_ENABLE_OBJC_WEAK = YES;
				CLANG_WARN_BLOCK_CAPTURE_AUTORELEASING = YES;
				CLANG_WARN_BOOL_CONVERSION = YES;
				CLANG_WARN_COMMA = YES;
				CLANG_WARN_CONSTANT_CONVERSION = YES;
				CLANG_WARN_DEPRECATED_OBJC_IMPLEMENTATIONS = YES;
				CLANG_WARN_DIRECT_OBJC_ISA_USAGE = YES_ERROR;
				CLANG_WARN_DOCUMENTATION_COMMENTS = YES;
				CLANG_WARN_EMPTY_BODY = YES;
				CLANG_WARN_ENUM_CONVERSION = YES;
				CLANG_WARN_INFINITE_RECURSION = YES;
				CLANG_WARN_INT_CONVERSION = YES;
				CLANG_WARN_NON_LITERAL_NULL_CONVERSION = YES;
				CLANG_WARN_OBJC_IMPLICIT_RETAIN_SELF = YES;
				CLANG_WARN_OBJC_LITERAL_CONVERSION = YES;
				CLANG_WARN_OBJC_ROOT_CLASS = YES_ERROR;
				CLANG_WARN_QUOTED_INCLUDE_IN_FRAMEWORK_HEADER = YES;
				CLANG_WARN_RANGE_LOOP_ANALYSIS = YES;
				CLANG_WARN_STRICT_PROTOTYPES = YES;
				CLANG_WARN_SUSPICIOUS_MOVE = YES;
				CLANG_WARN_UNGUARDED_AVAILABILITY = YES_AGGRESSIVE;
				CLANG_WARN_UNREACHABLE_CODE = YES;
				CLANG_WARN__DUPLICATE_METHOD_MATCH = YES;
				COPY_PHASE_STRIP = NO;
				DEBUG_INFORMATION_FORMAT = dwarf;
				ENABLE_STRICT_OBJC_MSGSEND = YES;
				ENABLE_TESTABILITY = YES;
				GCC_C_LANGUAGE_STANDARD = gnu11;
				GCC_DYNAMIC_NO_PIC = NO;
				GCC_NO_COMMON_BLOCKS = YES;
				GCC_OPTIMIZATION_LEVEL = 0;
				GCC_PREPROCESSOR_DEFINITIONS = (
					"DEBUG=1",
					"$(inherited)",
				);
				GCC_WARN_64_TO_32_BIT_CONVERSION = YES;
				GCC_WARN_ABOUT_RETURN_TYPE = YES_ERROR;
				GCC_WARN_UNDECLARED_SELECTOR = YES;
				GCC_WARN_UNINITIALIZED_AUTOS = YES_AGGRESSIVE;
				GCC_WARN_UNUSED_FUNCTION = YES;
				GCC_WARN_UNUSED_VARIABLE = YES;
				MTL_ENABLE_DEBUG_INFO = INCLUDE_SOURCE;
				MTL_FAST_MATH = YES;
				ONLY_ACTIVE_ARCH = YES;
				SWIFT_ACTIVE_COMPILATION_CONDITIONS = DEBUG;
				SWIFT_OPTIMIZATION_LEVEL = "-Onone";
			};
			name = Debug;
		};
		642D347F24B7F38B009348C6 /* Release */ = {
			isa = XCBuildConfiguration;
			buildSettings = {
				ALWAYS_SEARCH_USER_PATHS = NO;
				CLANG_ANALYZER_NONNULL = YES;
				CLANG_ANALYZER_NUMBER_OBJECT_CONVERSION = YES_AGGRESSIVE;
				CLANG_CXX_LANGUAGE_STANDARD = "gnu++14";
				CLANG_CXX_LIBRARY = "libc++";
				CLANG_ENABLE_MODULES = YES;
				CLANG_ENABLE_OBJC_ARC = YES;
				CLANG_ENABLE_OBJC_WEAK = YES;
				CLANG_WARN_BLOCK_CAPTURE_AUTORELEASING = YES;
				CLANG_WARN_BOOL_CONVERSION = YES;
				CLANG_WARN_COMMA = YES;
				CLANG_WARN_CONSTANT_CONVERSION = YES;
				CLANG_WARN_DEPRECATED_OBJC_IMPLEMENTATIONS = YES;
				CLANG_WARN_DIRECT_OBJC_ISA_USAGE = YES_ERROR;
				CLANG_WARN_DOCUMENTATION_COMMENTS = YES;
				CLANG_WARN_EMPTY_BODY = YES;
				CLANG_WARN_ENUM_CONVERSION = YES;
				CLANG_WARN_INFINITE_RECURSION = YES;
				CLANG_WARN_INT_CONVERSION = YES;
				CLANG_WARN_NON_LITERAL_NULL_CONVERSION = YES;
				CLANG_WARN_OBJC_IMPLICIT_RETAIN_SELF = YES;
				CLANG_WARN_OBJC_LITERAL_CONVERSION = YES;
				CLANG_WARN_OBJC_ROOT_CLASS = YES_ERROR;
				CLANG_WARN_QUOTED_INCLUDE_IN_FRAMEWORK_HEADER = YES;
				CLANG_WARN_RANGE_LOOP_ANALYSIS = YES;
				CLANG_WARN_STRICT_PROTOTYPES = YES;
				CLANG_WARN_SUSPICIOUS_MOVE = YES;
				CLANG_WARN_UNGUARDED_AVAILABILITY = YES_AGGRESSIVE;
				CLANG_WARN_UNREACHABLE_CODE = YES;
				CLANG_WARN__DUPLICATE_METHOD_MATCH = YES;
				COPY_PHASE_STRIP = NO;
				DEBUG_INFORMATION_FORMAT = "dwarf-with-dsym";
				ENABLE_NS_ASSERTIONS = NO;
				ENABLE_STRICT_OBJC_MSGSEND = YES;
				GCC_C_LANGUAGE_STANDARD = gnu11;
				GCC_NO_COMMON_BLOCKS = YES;
				GCC_WARN_64_TO_32_BIT_CONVERSION = YES;
				GCC_WARN_ABOUT_RETURN_TYPE = YES_ERROR;
				GCC_WARN_UNDECLARED_SELECTOR = YES;
				GCC_WARN_UNINITIALIZED_AUTOS = YES_AGGRESSIVE;
				GCC_WARN_UNUSED_FUNCTION = YES;
				GCC_WARN_UNUSED_VARIABLE = YES;
				MTL_ENABLE_DEBUG_INFO = NO;
				MTL_FAST_MATH = YES;
				SWIFT_COMPILATION_MODE = wholemodule;
				SWIFT_OPTIMIZATION_LEVEL = "-O";
			};
			name = Release;
		};
		642D348124B7F38C009348C6 /* Debug */ = {
			isa = XCBuildConfiguration;
			buildSettings = {
				ALWAYS_EMBED_SWIFT_STANDARD_LIBRARIES = YES;
				ASSETCATALOG_COMPILER_APPICON_NAME = AppIcon;
				ASSETCATALOG_COMPILER_GLOBAL_ACCENT_COLOR_NAME = AccentColor;
				CODE_SIGN_ENTITLEMENTS = Covid19Tracker.entitlements;
				CODE_SIGN_STYLE = Automatic;
				DEVELOPMENT_TEAM = 2QZXZME53M;
				ENABLE_PREVIEWS = YES;
				INFOPLIST_FILE = iOS/Info.plist;
				IPHONEOS_DEPLOYMENT_TARGET = 14.0;
				LD_RUNPATH_SEARCH_PATHS = (
					"$(inherited)",
					"@executable_path/Frameworks",
				);
				PRODUCT_BUNDLE_IDENTIFIER = com.binish.Covid19Tracker;
				PRODUCT_NAME = Covid19Tracker;
				SDKROOT = iphoneos;
				SWIFT_VERSION = 5.0;
				TARGETED_DEVICE_FAMILY = "1,2";
			};
			name = Debug;
		};
		642D348224B7F38C009348C6 /* Release */ = {
			isa = XCBuildConfiguration;
			buildSettings = {
				ALWAYS_EMBED_SWIFT_STANDARD_LIBRARIES = YES;
				ASSETCATALOG_COMPILER_APPICON_NAME = AppIcon;
				ASSETCATALOG_COMPILER_GLOBAL_ACCENT_COLOR_NAME = AccentColor;
				CODE_SIGN_ENTITLEMENTS = Covid19Tracker.entitlements;
				CODE_SIGN_STYLE = Automatic;
				DEVELOPMENT_TEAM = 2QZXZME53M;
				ENABLE_PREVIEWS = YES;
				INFOPLIST_FILE = iOS/Info.plist;
				IPHONEOS_DEPLOYMENT_TARGET = 14.0;
				LD_RUNPATH_SEARCH_PATHS = (
					"$(inherited)",
					"@executable_path/Frameworks",
				);
				PRODUCT_BUNDLE_IDENTIFIER = com.binish.Covid19Tracker;
				PRODUCT_NAME = Covid19Tracker;
				SDKROOT = iphoneos;
				SWIFT_VERSION = 5.0;
				TARGETED_DEVICE_FAMILY = "1,2";
				VALIDATE_PRODUCT = YES;
			};
			name = Release;
		};
		642D348424B7F38C009348C6 /* Debug */ = {
			isa = XCBuildConfiguration;
			buildSettings = {
				ASSETCATALOG_COMPILER_APPICON_NAME = AppIcon;
				ASSETCATALOG_COMPILER_GLOBAL_ACCENT_COLOR_NAME = AccentColor;
				CODE_SIGN_ENTITLEMENTS = macOS/macOS.entitlements;
				CODE_SIGN_STYLE = Automatic;
				COMBINE_HIDPI_IMAGES = YES;
				DEVELOPMENT_TEAM = 2QZXZME53M;
				ENABLE_HARDENED_RUNTIME = YES;
				ENABLE_PREVIEWS = YES;
				INFOPLIST_FILE = macOS/Info.plist;
				LD_RUNPATH_SEARCH_PATHS = (
					"$(inherited)",
					"@executable_path/../Frameworks",
				);
				MACOSX_DEPLOYMENT_TARGET = 10.16;
				PRODUCT_BUNDLE_IDENTIFIER = com.binish.Covid19Tracker;
				PRODUCT_NAME = Covid19Tracker;
				SDKROOT = macosx;
				SWIFT_VERSION = 5.0;
			};
			name = Debug;
		};
		642D348524B7F38C009348C6 /* Release */ = {
			isa = XCBuildConfiguration;
			buildSettings = {
				ASSETCATALOG_COMPILER_APPICON_NAME = AppIcon;
				ASSETCATALOG_COMPILER_GLOBAL_ACCENT_COLOR_NAME = AccentColor;
				CODE_SIGN_ENTITLEMENTS = macOS/macOS.entitlements;
				CODE_SIGN_STYLE = Automatic;
				COMBINE_HIDPI_IMAGES = YES;
				DEVELOPMENT_TEAM = 2QZXZME53M;
				ENABLE_HARDENED_RUNTIME = YES;
				ENABLE_PREVIEWS = YES;
				INFOPLIST_FILE = macOS/Info.plist;
				LD_RUNPATH_SEARCH_PATHS = (
					"$(inherited)",
					"@executable_path/../Frameworks",
				);
				MACOSX_DEPLOYMENT_TARGET = 10.16;
				PRODUCT_BUNDLE_IDENTIFIER = com.binish.Covid19Tracker;
				PRODUCT_NAME = Covid19Tracker;
				SDKROOT = macosx;
				SWIFT_VERSION = 5.0;
			};
			name = Release;
		};
		642D349D24B7F3EF009348C6 /* Debug */ = {
			isa = XCBuildConfiguration;
			buildSettings = {
				ASSETCATALOG_COMPILER_GLOBAL_ACCENT_COLOR_NAME = AccentColor;
				ASSETCATALOG_COMPILER_WIDGET_BACKGROUND_COLOR_NAME = WidgetBackground;
				CODE_SIGN_STYLE = Automatic;
				DEVELOPMENT_TEAM = 2QZXZME53M;
				INFOPLIST_FILE = Covid19TrackerWidget/Info.plist;
				IPHONEOS_DEPLOYMENT_TARGET = 14.0;
				LD_RUNPATH_SEARCH_PATHS = (
					"$(inherited)",
					"@executable_path/Frameworks",
					"@executable_path/../../Frameworks",
				);
				PRODUCT_BUNDLE_IDENTIFIER = com.binish.Covid19Tracker.Covid19TrackerWidget;
				PRODUCT_NAME = "$(TARGET_NAME)";
				SDKROOT = iphoneos;
				SKIP_INSTALL = YES;
				SWIFT_VERSION = 5.0;
				TARGETED_DEVICE_FAMILY = "1,2";
			};
			name = Debug;
		};
		642D349E24B7F3EF009348C6 /* Release */ = {
			isa = XCBuildConfiguration;
			buildSettings = {
				ASSETCATALOG_COMPILER_GLOBAL_ACCENT_COLOR_NAME = AccentColor;
				ASSETCATALOG_COMPILER_WIDGET_BACKGROUND_COLOR_NAME = WidgetBackground;
				CODE_SIGN_STYLE = Automatic;
				DEVELOPMENT_TEAM = 2QZXZME53M;
				INFOPLIST_FILE = Covid19TrackerWidget/Info.plist;
				IPHONEOS_DEPLOYMENT_TARGET = 14.0;
				LD_RUNPATH_SEARCH_PATHS = (
					"$(inherited)",
					"@executable_path/Frameworks",
					"@executable_path/../../Frameworks",
				);
				PRODUCT_BUNDLE_IDENTIFIER = com.binish.Covid19Tracker.Covid19TrackerWidget;
				PRODUCT_NAME = "$(TARGET_NAME)";
				SDKROOT = iphoneos;
				SKIP_INSTALL = YES;
				SWIFT_VERSION = 5.0;
				TARGETED_DEVICE_FAMILY = "1,2";
				VALIDATE_PRODUCT = YES;
			};
			name = Release;
		};
/* End XCBuildConfiguration section */

/* Begin XCConfigurationList section */
		642D346324B7F389009348C6 /* Build configuration list for PBXProject "Covid19Tracker" */ = {
			isa = XCConfigurationList;
			buildConfigurations = (
				642D347E24B7F38B009348C6 /* Debug */,
				642D347F24B7F38B009348C6 /* Release */,
			);
			defaultConfigurationIsVisible = 0;
			defaultConfigurationName = Release;
		};
		642D348024B7F38C009348C6 /* Build configuration list for PBXNativeTarget "Covid19Tracker (iOS)" */ = {
			isa = XCConfigurationList;
			buildConfigurations = (
				642D348124B7F38C009348C6 /* Debug */,
				642D348224B7F38C009348C6 /* Release */,
			);
			defaultConfigurationIsVisible = 0;
			defaultConfigurationName = Release;
		};
		642D348324B7F38C009348C6 /* Build configuration list for PBXNativeTarget "Covid19Tracker (macOS)" */ = {
			isa = XCConfigurationList;
			buildConfigurations = (
				642D348424B7F38C009348C6 /* Debug */,
				642D348524B7F38C009348C6 /* Release */,
			);
			defaultConfigurationIsVisible = 0;
			defaultConfigurationName = Release;
		};
		642D349C24B7F3EF009348C6 /* Build configuration list for PBXNativeTarget "Covid19TrackerWidgetExtension" */ = {
			isa = XCConfigurationList;
			buildConfigurations = (
				642D349D24B7F3EF009348C6 /* Debug */,
				642D349E24B7F3EF009348C6 /* Release */,
			);
			defaultConfigurationIsVisible = 0;
			defaultConfigurationName = Release;
		};
/* End XCConfigurationList section */
	};
	rootObject = 642D346024B7F389009348C6 /* Project object */;
}
